{
  "originHash" : "92976901c3bbd820dc44745811562dfbbc1d6ad96ae155c6dedd9d2bdb1e6b6d",
  "pins" : [
    {
      "identity" : "swatex",
      "kind" : "remoteSourceControl",
      "location" : "https://github.com/PhraseHQ/SwaTex.git",
      "state" : {
        "revision" : "2b38d0b9b9b9466ac1302ab93b37f3b90b8c74fc",
        "version" : "0.5.0"
      }
    }
  ],
  "version" : 3
}
